
Microsoft Visual Studio Solution File, Format Version 12.00
# Visual Studio Version 18
VisualStudioVersion = 18.10.12210.168 stable
MinimumVisualStudioVersion = 10.0.40219.1
Project("{9A19103F-16F7-4668-BE54-9A1E7A4F7556}") = "dsBackup", "dsBackup\dsBackup.csproj", "{79C64CC2-D6A1-4D0B-BEDC-597BE96A17CA}"
EndProject
Project("{930C7802-8A8C-48F9-8165-68863BCCD9DD}") = "AutoBackup", "AutoBackup\AutoBackup.wixproj", "{4F51FDA1-14C2-42C7-91D1-B9872683A4E2}"
EndProject
Project("{2150E333-8FDC-42A3-9474-1A3956D46DE8}") = "Solution Items", "Solution Items", "{C3EB1F3C-EAD4-40AA-A5C2-7DC3F3BFAAE4}"
	ProjectSection(SolutionItems) = preProject
		.editorconfig = .editorconfig
	EndProjectSection
EndProject
Global
	GlobalSection(SolutionConfigurationPlatforms) = preSolution
		Debug|Any CPU = Debug|Any CPU
		Release|Any CPU = Release|Any CPU
	EndGlobalSection
	GlobalSection(ProjectConfigurationPlatforms) = postSolution
		{79C64CC2-D6A1-4D0B-BEDC-597BE96A17CA}.Debug|Any CPU.ActiveCfg = Debug|Any CPU
		{79C64CC2-D6A1-4D0B-BEDC-597BE96A17CA}.Debug|Any CPU.Build.0 = Debug|Any CPU
		{79C64CC2-D6A1-4D0B-BEDC-597BE96A17CA}.Release|Any CPU.ActiveCfg = Release|Any CPU
		{79C64CC2-D6A1-4D0B-BEDC-597BE96A17CA}.Release|Any CPU.Build.0 = Release|Any CPU
		{4F51FDA1-14C2-42C7-91D1-B9872683A4E2}.Debug|Any CPU.ActiveCfg = Debug|x64
		{4F51FDA1-14C2-42C7-91D1-B9872683A4E2}.Release|Any CPU.ActiveCfg = Release|x64
		{4F51FDA1-14C2-42C7-91D1-B9872683A4E2}.Release|Any CPU.Build.0 = Release|x64
	EndGlobalSection
	GlobalSection(SolutionProperties) = preSolution
		HideSolutionNode = FALSE
	EndGlobalSection
	GlobalSection(ExtensibilityGlobals) = postSolution
		SolutionGuid = {3D256E62-DE95-4DE4-9F5F-5A7F8D197366}
	EndGlobalSection
EndGlobal
