
Microsoft Visual Studio Solution File, Format Version 12.00
# Visual Studio Version 17
VisualStudioVersion = 17.4.33103.184
MinimumVisualStudioVersion = 10.0.40219.1
Project("{9A19103F-16F7-4668-BE54-9A1E7A4F7556}") = "dsBackup", "dsBackup\dsBackup.csproj", "{79C64CC2-D6A1-4D0B-BEDC-597BE96A17CA}"
EndProject
Project("{54435603-DBB4-11D2-8724-00A0C9A8B90C}") = "AutoBackup", "AutoBackup\AutoBackup.vdproj", "{4F51FDA1-14C2-42C7-91D1-B9872683A4E2}"
EndProject
Global
	GlobalSection(SolutionConfigurationPlatforms) = preSolution
		Debug|Any CPU = Debug|Any CPU
		Release|Any CPU = Release|Any CPU
	EndGlobalSection
	GlobalSection(ProjectConfigurationPlatforms) = postSolution
		{79C64CC2-D6A1-4D0B-BEDC-597BE96A17CA}.Debug|Any CPU.ActiveCfg = Debug|Any CPU
		{79C64CC2-D6A1-4D0B-BEDC-597BE96A17CA}.Debug|Any CPU.Build.0 = Debug|Any CPU
		{79C64CC2-D6A1-4D0B-BEDC-597BE96A17CA}.Release|Any CPU.ActiveCfg = Release|Any CPU
		{79C64CC2-D6A1-4D0B-BEDC-597BE96A17CA}.Release|Any CPU.Build.0 = Release|Any CPU
		{4F51FDA1-14C2-42C7-91D1-B9872683A4E2}.Debug|Any CPU.ActiveCfg = Debug
		{4F51FDA1-14C2-42C7-91D1-B9872683A4E2}.Release|Any CPU.ActiveCfg = Release
	EndGlobalSection
	GlobalSection(SolutionProperties) = preSolution
		HideSolutionNode = FALSE
	EndGlobalSection
	GlobalSection(ExtensibilityGlobals) = postSolution
		SolutionGuid = {3D256E62-DE95-4DE4-9F5F-5A7F8D197366}
	EndGlobalSection
EndGlobal
